
Microsoft Visual Studio Solution File, Format Version 12.00
# Visual Studio Version 16
VisualStudioVersion = 16.0.30523.141
MinimumVisualStudioVersion = 10.0.40219.1
Project("{FAE04EC0-301F-11D3-BF4B-00C04F79EFBC}") = "mainPatterns", "mainPatterns\mainPatterns.csproj", "{52E0C593-996C-44F6-9641-F7581580303F}"
EndProject
Global
	GlobalSection(SolutionConfigurationPlatforms) = preSolution
		Debug|Any CPU = Debug|Any CPU
		Release|Any CPU = Release|Any CPU
	EndGlobalSection
	GlobalSection(ProjectConfigurationPlatforms) = postSolution
		{52E0C593-996C-44F6-9641-F7581580303F}.Debug|Any CPU.ActiveCfg = Debug|Any CPU
		{52E0C593-996C-44F6-9641-F7581580303F}.Debug|Any CPU.Build.0 = Debug|Any CPU
		{52E0C593-996C-44F6-9641-F7581580303F}.Release|Any CPU.ActiveCfg = Release|Any CPU
		{52E0C593-996C-44F6-9641-F7581580303F}.Release|Any CPU.Build.0 = Release|Any CPU
	EndGlobalSection
	GlobalSection(SolutionProperties) = preSolution
		HideSolutionNode = FALSE
	EndGlobalSection
	GlobalSection(ExtensibilityGlobals) = postSolution
		SolutionGuid = {837F7178-8653-42C8-9FE3-4C4574DC42DB}
	EndGlobalSection
EndGlobal
